
Microsoft Visual Studio Solution File, Format Version 12.00
# Visual Studio Version 16
VisualStudioVersion = 16.0.29709.97
MinimumVisualStudioVersion = 10.0.40219.1
Project("{9A19103F-16F7-4668-BE54-9A1E7A4F7556}") = "AS_Compiler.CommandLine", "AS_Compiler.CommandLine\AS_Compiler.CommandLine.csproj", "{81FDBC9C-BCB7-4914-AE8D-14B88F16ADE2}"
EndProject
Project("{9A19103F-16F7-4668-BE54-9A1E7A4F7556}") = "AS_Compiler.Core", "AS_Compiler.Core\AS_Compiler.Core.csproj", "{7B458FA8-2F1D-4F4D-96B0-9A8560775811}"
EndProject
Project("{FAE04EC0-301F-11D3-BF4B-00C04F79EFBC}") = "AS_Compiler.Tests", "AS_Compiler.Tests\AS_Compiler.Tests.csproj", "{6D5A72DD-4AE9-430A-818E-69EADAF5FA1F}"
EndProject
Global
	GlobalSection(SolutionConfigurationPlatforms) = preSolution
		Debug|Any CPU = Debug|Any CPU
		Release|Any CPU = Release|Any CPU
	EndGlobalSection
	GlobalSection(ProjectConfigurationPlatforms) = postSolution
		{81FDBC9C-BCB7-4914-AE8D-14B88F16ADE2}.Debug|Any CPU.ActiveCfg = Debug|Any CPU
		{81FDBC9C-BCB7-4914-AE8D-14B88F16ADE2}.Debug|Any CPU.Build.0 = Debug|Any CPU
		{81FDBC9C-BCB7-4914-AE8D-14B88F16ADE2}.Release|Any CPU.ActiveCfg = Release|Any CPU
		{81FDBC9C-BCB7-4914-AE8D-14B88F16ADE2}.Release|Any CPU.Build.0 = Release|Any CPU
		{7B458FA8-2F1D-4F4D-96B0-9A8560775811}.Debug|Any CPU.ActiveCfg = Debug|Any CPU
		{7B458FA8-2F1D-4F4D-96B0-9A8560775811}.Debug|Any CPU.Build.0 = Debug|Any CPU
		{7B458FA8-2F1D-4F4D-96B0-9A8560775811}.Release|Any CPU.ActiveCfg = Release|Any CPU
		{7B458FA8-2F1D-4F4D-96B0-9A8560775811}.Release|Any CPU.Build.0 = Release|Any CPU
		{6D5A72DD-4AE9-430A-818E-69EADAF5FA1F}.Debug|Any CPU.ActiveCfg = Debug|Any CPU
		{6D5A72DD-4AE9-430A-818E-69EADAF5FA1F}.Debug|Any CPU.Build.0 = Debug|Any CPU
		{6D5A72DD-4AE9-430A-818E-69EADAF5FA1F}.Release|Any CPU.ActiveCfg = Release|Any CPU
		{6D5A72DD-4AE9-430A-818E-69EADAF5FA1F}.Release|Any CPU.Build.0 = Release|Any CPU
	EndGlobalSection
	GlobalSection(SolutionProperties) = preSolution
		HideSolutionNode = FALSE
	EndGlobalSection
	GlobalSection(ExtensibilityGlobals) = postSolution
		SolutionGuid = {3CE667AC-2B4D-4297-8C2E-2AC948C1B05B}
	EndGlobalSection
EndGlobal
